
Microsoft Visual Studio Solution File, Format Version 12.00
# Visual Studio Version 16
VisualStudioVersion = 25.0.1706.8
MinimumVisualStudioVersion = 10.0.40219.1
Project("{FAE04EC0-301F-11D3-BF4B-00C04F79EFBC}") = "TFLTripPlanner", "TFLTripPlanner.csproj", "{EBDC4ED0-9BEA-44AB-80E5-11BD548E3BBB}"
EndProject
Global
	GlobalSection(SolutionConfigurationPlatforms) = preSolution
		Debug|Any CPU = Debug|Any CPU
		Release|Any CPU = Release|Any CPU
	EndGlobalSection
	GlobalSection(ProjectConfigurationPlatforms) = postSolution
		{EBDC4ED0-9BEA-44AB-80E5-11BD548E3BBB}.Debug|Any CPU.ActiveCfg = Debug|Any CPU
		{EBDC4ED0-9BEA-44AB-80E5-11BD548E3BBB}.Debug|Any CPU.Build.0 = Debug|Any CPU
		{EBDC4ED0-9BEA-44AB-80E5-11BD548E3BBB}.Release|Any CPU.ActiveCfg = Release|Any CPU
		{EBDC4ED0-9BEA-44AB-80E5-11BD548E3BBB}.Release|Any CPU.Build.0 = Release|Any CPU
	EndGlobalSection
	GlobalSection(SolutionProperties) = preSolution
		HideSolutionNode = FALSE
	EndGlobalSection
	GlobalSection(ExtensibilityGlobals) = postSolution
		SolutionGuid = {5391FA9C-F779-4547-8EB3-824157AF9CF2}
	EndGlobalSection
EndGlobal
